
Microsoft Visual Studio Solution File, Format Version 12.00
# Visual Studio Version 17
VisualStudioVersion = 17.5.002.0
MinimumVisualStudioVersion = 10.0.40219.1
Project("{9A19103F-16F7-4668-BE54-9A1E7A4F7556}") = "PlatformService", "PlatformService.csproj", "{BC45CB9D-9C3A-425C-8DDF-E0AEBCA8A184}"
EndProject
Global
	GlobalSection(SolutionConfigurationPlatforms) = preSolution
		Debug|Any CPU = Debug|Any CPU
		Release|Any CPU = Release|Any CPU
	EndGlobalSection
	GlobalSection(ProjectConfigurationPlatforms) = postSolution
		{BC45CB9D-9C3A-425C-8DDF-E0AEBCA8A184}.Debug|Any CPU.ActiveCfg = Debug|Any CPU
		{BC45CB9D-9C3A-425C-8DDF-E0AEBCA8A184}.Debug|Any CPU.Build.0 = Debug|Any CPU
		{BC45CB9D-9C3A-425C-8DDF-E0AEBCA8A184}.Release|Any CPU.ActiveCfg = Release|Any CPU
		{BC45CB9D-9C3A-425C-8DDF-E0AEBCA8A184}.Release|Any CPU.Build.0 = Release|Any CPU
	EndGlobalSection
	GlobalSection(SolutionProperties) = preSolution
		HideSolutionNode = FALSE
	EndGlobalSection
	GlobalSection(ExtensibilityGlobals) = postSolution
		SolutionGuid = {F86C936C-9918-4B3A-9F5F-7409BA5DA23A}
	EndGlobalSection
EndGlobal
